{
    __meta__ = {
        version = "1.0"
    },
    ["windows|x64"] = {
        ["cmake#f56260b5"] = {
            version = "3.31.6-msvc6"
        },
        ["ninja#f56260b5"] = {
            version = "1.12.1"
        },
        ["nlohmann_json#f56260b5"] = {
            version = "v3.12.0"
        },
        ["spdlog v1.16.0#09c8c173"] = {
            version = "v1.16.0"
        },
        ["toml11 v4.4.0#f56260b5"] = {
            version = "v4.4.0"
        }
    },
    ["windows|x86"] = {
        ["cmake#f56260b5"] = {
            version = "3.31.6-msvc6"
        },
        ["ninja#f56260b5"] = {
            version = "1.12.1"
        },
        ["nlohmann_json#f56260b5"] = {
            version = "v3.12.0"
        },
        ["spdlog v1.16.0#09c8c173"] = {
            version = "v1.16.0"
        },
        ["toml11 v4.4.0#f56260b5"] = {
            version = "v4.4.0"
        }
    }
}